
Microsoft Visual Studio Solution File, Format Version 12.00
# Visual Studio 15
VisualStudioVersion = 15.0.28307.572
MinimumVisualStudioVersion = 10.0.40219.1
Project("{FAE04EC0-301F-11D3-BF4B-00C04F79EFBC}") = "Assignment", "Assignment\Assignment.csproj", "{209385D2-D3BC-4C61-8604-412EE2F17747}"
EndProject
Global
	GlobalSection(SolutionConfigurationPlatforms) = preSolution
		Debug|Any CPU = Debug|Any CPU
		Release|Any CPU = Release|Any CPU
	EndGlobalSection
	GlobalSection(ProjectConfigurationPlatforms) = postSolution
		{209385D2-D3BC-4C61-8604-412EE2F17747}.Debug|Any CPU.ActiveCfg = Debug|Any CPU
		{209385D2-D3BC-4C61-8604-412EE2F17747}.Debug|Any CPU.Build.0 = Debug|Any CPU
		{209385D2-D3BC-4C61-8604-412EE2F17747}.Release|Any CPU.ActiveCfg = Release|Any CPU
		{209385D2-D3BC-4C61-8604-412EE2F17747}.Release|Any CPU.Build.0 = Release|Any CPU
	EndGlobalSection
	GlobalSection(SolutionProperties) = preSolution
		HideSolutionNode = FALSE
	EndGlobalSection
	GlobalSection(ExtensibilityGlobals) = postSolution
		SolutionGuid = {A70B6405-6D9F-4618-8BB5-AF27415C31F6}
	EndGlobalSection
EndGlobal
