
Microsoft Visual Studio Solution File, Format Version 12.00
# Visual Studio 15
VisualStudioVersion = 15.0.28307.572
MinimumVisualStudioVersion = 10.0.40219.1
Project("{FAE04EC0-301F-11D3-BF4B-00C04F79EFBC}") = "700242assignment3", "700242assignment3\700242assignment3.csproj", "{91A92663-4F19-4207-8325-6E0F636B03A3}"
EndProject
Global
	GlobalSection(SolutionConfigurationPlatforms) = preSolution
		Debug|Any CPU = Debug|Any CPU
		Release|Any CPU = Release|Any CPU
	EndGlobalSection
	GlobalSection(ProjectConfigurationPlatforms) = postSolution
		{91A92663-4F19-4207-8325-6E0F636B03A3}.Debug|Any CPU.ActiveCfg = Debug|Any CPU
		{91A92663-4F19-4207-8325-6E0F636B03A3}.Debug|Any CPU.Build.0 = Debug|Any CPU
		{91A92663-4F19-4207-8325-6E0F636B03A3}.Release|Any CPU.ActiveCfg = Release|Any CPU
		{91A92663-4F19-4207-8325-6E0F636B03A3}.Release|Any CPU.Build.0 = Release|Any CPU
	EndGlobalSection
	GlobalSection(SolutionProperties) = preSolution
		HideSolutionNode = FALSE
	EndGlobalSection
	GlobalSection(ExtensibilityGlobals) = postSolution
		SolutionGuid = {204DFF14-D7DB-4318-B49A-A12B0AEBDBB6}
	EndGlobalSection
EndGlobal
